
Microsoft Visual Studio Solution File, Format Version 12.00
# Visual Studio Version 17
VisualStudioVersion = 17.2.32630.192
MinimumVisualStudioVersion = 10.0.40219.1
Project("{FAE04EC0-301F-11D3-BF4B-00C04F79EFBC}") = "async-programming", "async-programming\async-programming.csproj", "{D760B0E0-B931-4454-92CF-29905422920B}"
EndProject
Global
	GlobalSection(SolutionConfigurationPlatforms) = preSolution
		Debug|Any CPU = Debug|Any CPU
		Release|Any CPU = Release|Any CPU
	EndGlobalSection
	GlobalSection(ProjectConfigurationPlatforms) = postSolution
		{D760B0E0-B931-4454-92CF-29905422920B}.Debug|Any CPU.ActiveCfg = Debug|Any CPU
		{D760B0E0-B931-4454-92CF-29905422920B}.Debug|Any CPU.Build.0 = Debug|Any CPU
		{D760B0E0-B931-4454-92CF-29905422920B}.Release|Any CPU.ActiveCfg = Release|Any CPU
		{D760B0E0-B931-4454-92CF-29905422920B}.Release|Any CPU.Build.0 = Release|Any CPU
	EndGlobalSection
	GlobalSection(SolutionProperties) = preSolution
		HideSolutionNode = FALSE
	EndGlobalSection
	GlobalSection(ExtensibilityGlobals) = postSolution
		SolutionGuid = {5356EE9F-A7F2-4760-8821-EDB6AAEB9681}
	EndGlobalSection
EndGlobal
